// !$*UTF8*$!
{
	archiveVersion = 1;
	classes = {
	};
	objectVersion = 56;
	objects = {

/* Begin PBXBuildFile section */
		1801929C29E01797005075ED /* Localizable.strings in Resources */ = {isa = PBXBuildFile; fileRef = 1801929E29E01797005075ED /* Localizable.strings */; };
		180192A129E017A8005075ED /* Localizable.strings in Resources */ = {isa = PBXBuildFile; fileRef = 180192A329E017A8005075ED /* Localizable.strings */; };
		180192A829E01B88005075ED /* MainView.swift in Sources */ = {isa = PBXBuildFile; fileRef = 180192A729E01B88005075ED /* MainView.swift */; };
		1822613A29DFC43B0058E1A9 /* Vid_IDApp.swift in Sources */ = {isa = PBXBuildFile; fileRef = 1822613929DFC43B0058E1A9 /* Vid_IDApp.swift */; };
		1822613E29DFC43C0058E1A9 /* Assets.xcassets in Resources */ = {isa = PBXBuildFile; fileRef = 1822613D29DFC43C0058E1A9 /* Assets.xcassets */; };
		1822614129DFC43C0058E1A9 /* Preview Assets.xcassets in Resources */ = {isa = PBXBuildFile; fileRef = 1822614029DFC43C0058E1A9 /* Preview Assets.xcassets */; };
		1822614829DFC61B0058E1A9 /* Colors.xcassets in Resources */ = {isa = PBXBuildFile; fileRef = 1822614729DFC61B0058E1A9 /* Colors.xcassets */; };
		1822614A29DFC6FB0058E1A9 /* Drawables.xcassets in Resources */ = {isa = PBXBuildFile; fileRef = 1822614929DFC6FB0058E1A9 /* Drawables.xcassets */; };
		1822614F29DFC9EB0058E1A9 /* SplashView.swift in Sources */ = {isa = PBXBuildFile; fileRef = 1822614E29DFC9EB0058E1A9 /* SplashView.swift */; };
		18BDD57229DFCDE000D84C13 /* Poppins-Regular.ttf in Resources */ = {isa = PBXBuildFile; fileRef = 18BDD57129DFCDE000D84C13 /* Poppins-Regular.ttf */; };
		18BDD57429DFCDEA00D84C13 /* Poppins-SemiBold.ttf in Resources */ = {isa = PBXBuildFile; fileRef = 18BDD57329DFCDEA00D84C13 /* Poppins-SemiBold.ttf */; };
		18BDD57629DFCE0100D84C13 /* Poppins-Medium.ttf in Resources */ = {isa = PBXBuildFile; fileRef = 18BDD57529DFCE0100D84C13 /* Poppins-Medium.ttf */; };
		18BDD57829DFCECF00D84C13 /* FontResource.swift in Sources */ = {isa = PBXBuildFile; fileRef = 18BDD57729DFCECF00D84C13 /* FontResource.swift */; };
		18BDD57B29DFCF4500D84C13 /* DimenResource.swift in Sources */ = {isa = PBXBuildFile; fileRef = 18BDD57A29DFCF4500D84C13 /* DimenResource.swift */; };
		18BDD57D29DFD14300D84C13 /* ColorResource.swift in Sources */ = {isa = PBXBuildFile; fileRef = 18BDD57C29DFD14300D84C13 /* ColorResource.swift */; };
		F4AE17BA6A4F61F3063900DB /* Pods_Vid_ID.framework in Frameworks */ = {isa = PBXBuildFile; fileRef = B3DF6AC274AD139CCBD3F5D2 /* Pods_Vid_ID.framework */; };
/* End PBXBuildFile section */

/* Begin PBXFileReference section */
		1801929D29E01797005075ED /* id */ = {isa = PBXFileReference; lastKnownFileType = text.plist.strings; name = id; path = id.lproj/Localizable.strings; sourceTree = "<group>"; };
		180192A229E017A8005075ED /* en */ = {isa = PBXFileReference; lastKnownFileType = text.plist.strings; name = en; path = en.lproj/Localizable.strings; sourceTree = "<group>"; };
		180192A729E01B88005075ED /* MainView.swift */ = {isa = PBXFileReference; lastKnownFileType = sourcecode.swift; path = MainView.swift; sourceTree = "<group>"; };
		1822613629DFC43B0058E1A9 /* Vid ID.app */ = {isa = PBXFileReference; explicitFileType = wrapper.application; includeInIndex = 0; path = "Vid ID.app"; sourceTree = BUILT_PRODUCTS_DIR; };
		1822613929DFC43B0058E1A9 /* Vid_IDApp.swift */ = {isa = PBXFileReference; lastKnownFileType = sourcecode.swift; path = Vid_IDApp.swift; sourceTree = "<group>"; };
		1822613D29DFC43C0058E1A9 /* Assets.xcassets */ = {isa = PBXFileReference; lastKnownFileType = folder.assetcatalog; path = Assets.xcassets; sourceTree = "<group>"; };
		1822614029DFC43C0058E1A9 /* Preview Assets.xcassets */ = {isa = PBXFileReference; lastKnownFileType = folder.assetcatalog; path = "Preview Assets.xcassets"; sourceTree = "<group>"; };
		1822614729DFC61B0058E1A9 /* Colors.xcassets */ = {isa = PBXFileReference; lastKnownFileType = folder.assetcatalog; path = Colors.xcassets; sourceTree = "<group>"; };
		1822614929DFC6FB0058E1A9 /* Drawables.xcassets */ = {isa = PBXFileReference; lastKnownFileType = folder.assetcatalog; path = Drawables.xcassets; sourceTree = "<group>"; };
		1822614E29DFC9EB0058E1A9 /* SplashView.swift */ = {isa = PBXFileReference; lastKnownFileType = sourcecode.swift; path = SplashView.swift; sourceTree = "<group>"; };
		18BDD57029DFCCB900D84C13 /* Vid-ID-Info.plist */ = {isa = PBXFileReference; lastKnownFileType = text.plist; path = "Vid-ID-Info.plist"; sourceTree = SOURCE_ROOT; };
		18BDD57129DFCDE000D84C13 /* Poppins-Regular.ttf */ = {isa = PBXFileReference; lastKnownFileType = file; path = "Poppins-Regular.ttf"; sourceTree = "<group>"; };
		18BDD57329DFCDEA00D84C13 /* Poppins-SemiBold.ttf */ = {isa = PBXFileReference; lastKnownFileType = file; path = "Poppins-SemiBold.ttf"; sourceTree = "<group>"; };
		18BDD57529DFCE0100D84C13 /* Poppins-Medium.ttf */ = {isa = PBXFileReference; lastKnownFileType = file; path = "Poppins-Medium.ttf"; sourceTree = "<group>"; };
		18BDD57729DFCECF00D84C13 /* FontResource.swift */ = {isa = PBXFileReference; lastKnownFileType = sourcecode.swift; path = FontResource.swift; sourceTree = "<group>"; };
		18BDD57A29DFCF4500D84C13 /* DimenResource.swift */ = {isa = PBXFileReference; lastKnownFileType = sourcecode.swift; path = DimenResource.swift; sourceTree = "<group>"; };
		18BDD57C29DFD14300D84C13 /* ColorResource.swift */ = {isa = PBXFileReference; lastKnownFileType = sourcecode.swift; path = ColorResource.swift; sourceTree = "<group>"; };
		36D8E20B769A2910EF75DEC6 /* Pods-Vid ID.debug.xcconfig */ = {isa = PBXFileReference; includeInIndex = 1; lastKnownFileType = text.xcconfig; name = "Pods-Vid ID.debug.xcconfig"; path = "Target Support Files/Pods-Vid ID/Pods-Vid ID.debug.xcconfig"; sourceTree = "<group>"; };
		71C13921BBFA7678BC097BB2 /* Pods-Vid ID.release.xcconfig */ = {isa = PBXFileReference; includeInIndex = 1; lastKnownFileType = text.xcconfig; name = "Pods-Vid ID.release.xcconfig"; path = "Target Support Files/Pods-Vid ID/Pods-Vid ID.release.xcconfig"; sourceTree = "<group>"; };
		B3DF6AC274AD139CCBD3F5D2 /* Pods_Vid_ID.framework */ = {isa = PBXFileReference; explicitFileType = wrapper.framework; includeInIndex = 0; path = Pods_Vid_ID.framework; sourceTree = BUILT_PRODUCTS_DIR; };
/* End PBXFileReference section */

/* Begin PBXFrameworksBuildPhase section */
		1822613329DFC43B0058E1A9 /* Frameworks */ = {
			isa = PBXFrameworksBuildPhase;
			buildActionMask = 2147483647;
			files = (
				F4AE17BA6A4F61F3063900DB /* Pods_Vid_ID.framework in Frameworks */,
			);
			runOnlyForDeploymentPostprocessing = 0;
		};
/* End PBXFrameworksBuildPhase section */

/* Begin PBXGroup section */
		029F9E589CA2A48D8CB3A0BD /* Pods */ = {
			isa = PBXGroup;
			children = (
				36D8E20B769A2910EF75DEC6 /* Pods-Vid ID.debug.xcconfig */,
				71C13921BBFA7678BC097BB2 /* Pods-Vid ID.release.xcconfig */,
			);
			path = Pods;
			sourceTree = "<group>";
		};
		1822612D29DFC43B0058E1A9 = {
			isa = PBXGroup;
			children = (
				1822613829DFC43B0058E1A9 /* Vid ID */,
				1822613729DFC43B0058E1A9 /* Products */,
				029F9E589CA2A48D8CB3A0BD /* Pods */,
				3E63B3A1D744A4398651A27C /* Frameworks */,
			);
			sourceTree = "<group>";
		};
		1822613729DFC43B0058E1A9 /* Products */ = {
			isa = PBXGroup;
			children = (
				1822613629DFC43B0058E1A9 /* Vid ID.app */,
			);
			name = Products;
			sourceTree = "<group>";
		};
		1822613829DFC43B0058E1A9 /* Vid ID */ = {
			isa = PBXGroup;
			children = (
				18BDD57029DFCCB900D84C13 /* Vid-ID-Info.plist */,
				18BDD56A29DFCC2200D84C13 /* Resources */,
				1822614B29DFC9B00058E1A9 /* Ui */,
				1822613929DFC43B0058E1A9 /* Vid_IDApp.swift */,
				1822613D29DFC43C0058E1A9 /* Assets.xcassets */,
				1822614929DFC6FB0058E1A9 /* Drawables.xcassets */,
				1822614729DFC61B0058E1A9 /* Colors.xcassets */,
				1822613F29DFC43C0058E1A9 /* Preview Content */,
				1801929E29E01797005075ED /* Localizable.strings */,
				180192A329E017A8005075ED /* Localizable.strings */,
			);
			path = "Vid ID";
			sourceTree = "<group>";
		};
		1822613F29DFC43C0058E1A9 /* Preview Content */ = {
			isa = PBXGroup;
			children = (
				1822614029DFC43C0058E1A9 /* Preview Assets.xcassets */,
			);
			path = "Preview Content";
			sourceTree = "<group>";
		};
		1822614B29DFC9B00058E1A9 /* Ui */ = {
			isa = PBXGroup;
			children = (
				1822614D29DFC9D60058E1A9 /* Main */,
				1822614C29DFC9C50058E1A9 /* Splash */,
			);
			path = Ui;
			sourceTree = "<group>";
		};
		1822614C29DFC9C50058E1A9 /* Splash */ = {
			isa = PBXGroup;
			children = (
				1822614E29DFC9EB0058E1A9 /* SplashView.swift */,
			);
			path = Splash;
			sourceTree = "<group>";
		};
		1822614D29DFC9D60058E1A9 /* Main */ = {
			isa = PBXGroup;
			children = (
				180192A729E01B88005075ED /* MainView.swift */,
			);
			path = Main;
			sourceTree = "<group>";
		};
		18BDD56A29DFCC2200D84C13 /* Resources */ = {
			isa = PBXGroup;
			children = (
				18BDD57E29DFD14900D84C13 /* Colors */,
				18BDD57929DFCF2F00D84C13 /* Dimens */,
				18BDD56B29DFCC2C00D84C13 /* Fonts */,
			);
			path = Resources;
			sourceTree = "<group>";
		};
		18BDD56B29DFCC2C00D84C13 /* Fonts */ = {
			isa = PBXGroup;
			children = (
				18BDD57729DFCECF00D84C13 /* FontResource.swift */,
				18BDD57529DFCE0100D84C13 /* Poppins-Medium.ttf */,
				18BDD57129DFCDE000D84C13 /* Poppins-Regular.ttf */,
				18BDD57329DFCDEA00D84C13 /* Poppins-SemiBold.ttf */,
			);
			path = Fonts;
			sourceTree = "<group>";
		};
		18BDD57929DFCF2F00D84C13 /* Dimens */ = {
			isa = PBXGroup;
			children = (
				18BDD57A29DFCF4500D84C13 /* DimenResource.swift */,
			);
			path = Dimens;
			sourceTree = "<group>";
		};
		18BDD57E29DFD14900D84C13 /* Colors */ = {
			isa = PBXGroup;
			children = (
				18BDD57C29DFD14300D84C13 /* ColorResource.swift */,
			);
			path = Colors;
			sourceTree = "<group>";
		};
		3E63B3A1D744A4398651A27C /* Frameworks */ = {
			isa = PBXGroup;
			children = (
				B3DF6AC274AD139CCBD3F5D2 /* Pods_Vid_ID.framework */,
			);
			name = Frameworks;
			sourceTree = "<group>";
		};
/* End PBXGroup section */

/* Begin PBXNativeTarget section */
		1822613529DFC43B0058E1A9 /* Vid ID */ = {
			isa = PBXNativeTarget;
			buildConfigurationList = 1822614429DFC43C0058E1A9 /* Build configuration list for PBXNativeTarget "Vid ID" */;
			buildPhases = (
				E1D40AA7CAEB29A8D056B1CF /* [CP] Check Pods Manifest.lock */,
				1822613229DFC43B0058E1A9 /* Sources */,
				1822613329DFC43B0058E1A9 /* Frameworks */,
				1822613429DFC43B0058E1A9 /* Resources */,
				30ABAE68FE1570AAE585CF30 /* [CP] Embed Pods Frameworks */,
			);
			buildRules = (
			);
			dependencies = (
			);
			name = "Vid ID";
			productName = "Vid ID";
			productReference = 1822613629DFC43B0058E1A9 /* Vid ID.app */;
			productType = "com.apple.product-type.application";
		};
/* End PBXNativeTarget section */

/* Begin PBXProject section */
		1822612E29DFC43B0058E1A9 /* Project object */ = {
			isa = PBXProject;
			attributes = {
				BuildIndependentTargetsInParallel = 1;
				LastSwiftUpdateCheck = 1420;
				LastUpgradeCheck = 1420;
				TargetAttributes = {
					1822613529DFC43B0058E1A9 = {
						CreatedOnToolsVersion = 14.2;
					};
				};
			};
			buildConfigurationList = 1822613129DFC43B0058E1A9 /* Build configuration list for PBXProject "Vid ID" */;
			compatibilityVersion = "Xcode 14.0";
			developmentRegion = en;
			hasScannedForEncodings = 0;
			knownRegions = (
				en,
				Base,
				id,
			);
			mainGroup = 1822612D29DFC43B0058E1A9;
			productRefGroup = 1822613729DFC43B0058E1A9 /* Products */;
			projectDirPath = "";
			projectRoot = "";
			targets = (
				1822613529DFC43B0058E1A9 /* Vid ID */,
			);
		};
/* End PBXProject section */

/* Begin PBXResourcesBuildPhase section */
		1822613429DFC43B0058E1A9 /* Resources */ = {
			isa = PBXResourcesBuildPhase;
			buildActionMask = 2147483647;
			files = (
				1822614829DFC61B0058E1A9 /* Colors.xcassets in Resources */,
				18BDD57629DFCE0100D84C13 /* Poppins-Medium.ttf in Resources */,
				1822614129DFC43C0058E1A9 /* Preview Assets.xcassets in Resources */,
				1822613E29DFC43C0058E1A9 /* Assets.xcassets in Resources */,
				180192A129E017A8005075ED /* Localizable.strings in Resources */,
				18BDD57429DFCDEA00D84C13 /* Poppins-SemiBold.ttf in Resources */,
				1801929C29E01797005075ED /* Localizable.strings in Resources */,
				1822614A29DFC6FB0058E1A9 /* Drawables.xcassets in Resources */,
				18BDD57229DFCDE000D84C13 /* Poppins-Regular.ttf in Resources */,
			);
			runOnlyForDeploymentPostprocessing = 0;
		};
/* End PBXResourcesBuildPhase section */

/* Begin PBXShellScriptBuildPhase section */
		30ABAE68FE1570AAE585CF30 /* [CP] Embed Pods Frameworks */ = {
			isa = PBXShellScriptBuildPhase;
			buildActionMask = 2147483647;
			files = (
			);
			inputFileListPaths = (
				"${PODS_ROOT}/Target Support Files/Pods-Vid ID/Pods-Vid ID-frameworks-${CONFIGURATION}-input-files.xcfilelist",
			);
			name = "[CP] Embed Pods Frameworks";
			outputFileListPaths = (
				"${PODS_ROOT}/Target Support Files/Pods-Vid ID/Pods-Vid ID-frameworks-${CONFIGURATION}-output-files.xcfilelist",
			);
			runOnlyForDeploymentPostprocessing = 0;
			shellPath = /bin/sh;
			shellScript = "\"${PODS_ROOT}/Target Support Files/Pods-Vid ID/Pods-Vid ID-frameworks.sh\"\n";
			showEnvVarsInLog = 0;
		};
		E1D40AA7CAEB29A8D056B1CF /* [CP] Check Pods Manifest.lock */ = {
			isa = PBXShellScriptBuildPhase;
			buildActionMask = 2147483647;
			files = (
			);
			inputFileListPaths = (
			);
			inputPaths = (
				"${PODS_PODFILE_DIR_PATH}/Podfile.lock",
				"${PODS_ROOT}/Manifest.lock",
			);
			name = "[CP] Check Pods Manifest.lock";
			outputFileListPaths = (
			);
			outputPaths = (
				"$(DERIVED_FILE_DIR)/Pods-Vid ID-checkManifestLockResult.txt",
			);
			runOnlyForDeploymentPostprocessing = 0;
			shellPath = /bin/sh;
			shellScript = "diff \"${PODS_PODFILE_DIR_PATH}/Podfile.lock\" \"${PODS_ROOT}/Manifest.lock\" > /dev/null\nif [ $? != 0 ] ; then\n    # print error to STDERR\n    echo \"error: The sandbox is not in sync with the Podfile.lock. Run 'pod install' or update your CocoaPods installation.\" >&2\n    exit 1\nfi\n# This output is used by Xcode 'outputs' to avoid re-running this script phase.\necho \"SUCCESS\" > \"${SCRIPT_OUTPUT_FILE_0}\"\n";
			showEnvVarsInLog = 0;
		};
/* End PBXShellScriptBuildPhase section */

/* Begin PBXSourcesBuildPhase section */
		1822613229DFC43B0058E1A9 /* Sources */ = {
			isa = PBXSourcesBuildPhase;
			buildActionMask = 2147483647;
			files = (
				18BDD57D29DFD14300D84C13 /* ColorResource.swift in Sources */,
				180192A829E01B88005075ED /* MainView.swift in Sources */,
				1822613A29DFC43B0058E1A9 /* Vid_IDApp.swift in Sources */,
				18BDD57829DFCECF00D84C13 /* FontResource.swift in Sources */,
				1822614F29DFC9EB0058E1A9 /* SplashView.swift in Sources */,
				18BDD57B29DFCF4500D84C13 /* DimenResource.swift in Sources */,
			);
			runOnlyForDeploymentPostprocessing = 0;
		};
/* End PBXSourcesBuildPhase section */

/* Begin PBXVariantGroup section */
		1801929E29E01797005075ED /* Localizable.strings */ = {
			isa = PBXVariantGroup;
			children = (
				1801929D29E01797005075ED /* id */,
			);
			name = Localizable.strings;
			sourceTree = "<group>";
		};
		180192A329E017A8005075ED /* Localizable.strings */ = {
			isa = PBXVariantGroup;
			children = (
				180192A229E017A8005075ED /* en */,
			);
			name = Localizable.strings;
			sourceTree = "<group>";
		};
/* End PBXVariantGroup section */

/* Begin XCBuildConfiguration section */
		1822614229DFC43C0058E1A9 /* Debug */ = {
			isa = XCBuildConfiguration;
			buildSettings = {
				ALWAYS_SEARCH_USER_PATHS = NO;
				CLANG_ANALYZER_LOCALIZABILITY_NONLOCALIZED = YES;
				CLANG_ANALYZER_NONNULL = YES;
				CLANG_ANALYZER_NUMBER_OBJECT_CONVERSION = YES_AGGRESSIVE;
				CLANG_CXX_LANGUAGE_STANDARD = "gnu++20";
				CLANG_ENABLE_MODULES = YES;
				CLANG_ENABLE_OBJC_ARC = YES;
				CLANG_ENABLE_OBJC_WEAK = YES;
				CLANG_WARN_BLOCK_CAPTURE_AUTORELEASING = YES;
				CLANG_WARN_BOOL_CONVERSION = YES;
				CLANG_WARN_COMMA = YES;
				CLANG_WARN_CONSTANT_CONVERSION = YES;
				CLANG_WARN_DEPRECATED_OBJC_IMPLEMENTATIONS = YES;
				CLANG_WARN_DIRECT_OBJC_ISA_USAGE = YES_ERROR;
				CLANG_WARN_DOCUMENTATION_COMMENTS = YES;
				CLANG_WARN_EMPTY_BODY = YES;
				CLANG_WARN_ENUM_CONVERSION = YES;
				CLANG_WARN_INFINITE_RECURSION = YES;
				CLANG_WARN_INT_CONVERSION = YES;
				CLANG_WARN_NON_LITERAL_NULL_CONVERSION = YES;
				CLANG_WARN_OBJC_IMPLICIT_RETAIN_SELF = YES;
				CLANG_WARN_OBJC_LITERAL_CONVERSION = YES;
				CLANG_WARN_OBJC_ROOT_CLASS = YES_ERROR;
				CLANG_WARN_QUOTED_INCLUDE_IN_FRAMEWORK_HEADER = YES;
				CLANG_WARN_RANGE_LOOP_ANALYSIS = YES;
				CLANG_WARN_STRICT_PROTOTYPES = YES;
				CLANG_WARN_SUSPICIOUS_MOVE = YES;
				CLANG_WARN_UNGUARDED_AVAILABILITY = YES_AGGRESSIVE;
				CLANG_WARN_UNREACHABLE_CODE = YES;
				CLANG_WARN__DUPLICATE_METHOD_MATCH = YES;
				COPY_PHASE_STRIP = NO;
				DEBUG_INFORMATION_FORMAT = dwarf;
				ENABLE_STRICT_OBJC_MSGSEND = YES;
				ENABLE_TESTABILITY = YES;
				GCC_C_LANGUAGE_STANDARD = gnu11;
				GCC_DYNAMIC_NO_PIC = NO;
				GCC_NO_COMMON_BLOCKS = YES;
				GCC_OPTIMIZATION_LEVEL = 0;
				GCC_PREPROCESSOR_DEFINITIONS = (
					"DEBUG=1",
					"$(inherited)",
				);
				GCC_WARN_64_TO_32_BIT_CONVERSION = YES;
				GCC_WARN_ABOUT_RETURN_TYPE = YES_ERROR;
				GCC_WARN_UNDECLARED_SELECTOR = YES;
				GCC_WARN_UNINITIALIZED_AUTOS = YES_AGGRESSIVE;
				GCC_WARN_UNUSED_FUNCTION = YES;
				GCC_WARN_UNUSED_VARIABLE = YES;
				IPHONEOS_DEPLOYMENT_TARGET = 16.2;
				MTL_ENABLE_DEBUG_INFO = INCLUDE_SOURCE;
				MTL_FAST_MATH = YES;
				ONLY_ACTIVE_ARCH = YES;
				SDKROOT = iphoneos;
				SWIFT_ACTIVE_COMPILATION_CONDITIONS = DEBUG;
				SWIFT_OPTIMIZATION_LEVEL = "-Onone";
			};
			name = Debug;
		};
		1822614329DFC43C0058E1A9 /* Release */ = {
			isa = XCBuildConfiguration;
			buildSettings = {
				ALWAYS_SEARCH_USER_PATHS = NO;
				CLANG_ANALYZER_LOCALIZABILITY_NONLOCALIZED = YES;
				CLANG_ANALYZER_NONNULL = YES;
				CLANG_ANALYZER_NUMBER_OBJECT_CONVERSION = YES_AGGRESSIVE;
				CLANG_CXX_LANGUAGE_STANDARD = "gnu++20";
				CLANG_ENABLE_MODULES = YES;
				CLANG_ENABLE_OBJC_ARC = YES;
				CLANG_ENABLE_OBJC_WEAK = YES;
				CLANG_WARN_BLOCK_CAPTURE_AUTORELEASING = YES;
				CLANG_WARN_BOOL_CONVERSION = YES;
				CLANG_WARN_COMMA = YES;
				CLANG_WARN_CONSTANT_CONVERSION = YES;
				CLANG_WARN_DEPRECATED_OBJC_IMPLEMENTATIONS = YES;
				CLANG_WARN_DIRECT_OBJC_ISA_USAGE = YES_ERROR;
				CLANG_WARN_DOCUMENTATION_COMMENTS = YES;
				CLANG_WARN_EMPTY_BODY = YES;
				CLANG_WARN_ENUM_CONVERSION = YES;
				CLANG_WARN_INFINITE_RECURSION = YES;
				CLANG_WARN_INT_CONVERSION = YES;
				CLANG_WARN_NON_LITERAL_NULL_CONVERSION = YES;
				CLANG_WARN_OBJC_IMPLICIT_RETAIN_SELF = YES;
				CLANG_WARN_OBJC_LITERAL_CONVERSION = YES;
				CLANG_WARN_OBJC_ROOT_CLASS = YES_ERROR;
				CLANG_WARN_QUOTED_INCLUDE_IN_FRAMEWORK_HEADER = YES;
				CLANG_WARN_RANGE_LOOP_ANALYSIS = YES;
				CLANG_WARN_STRICT_PROTOTYPES = YES;
				CLANG_WARN_SUSPICIOUS_MOVE = YES;
				CLANG_WARN_UNGUARDED_AVAILABILITY = YES_AGGRESSIVE;
				CLANG_WARN_UNREACHABLE_CODE = YES;
				CLANG_WARN__DUPLICATE_METHOD_MATCH = YES;
				COPY_PHASE_STRIP = NO;
				DEBUG_INFORMATION_FORMAT = "dwarf-with-dsym";
				ENABLE_NS_ASSERTIONS = NO;
				ENABLE_STRICT_OBJC_MSGSEND = YES;
				GCC_C_LANGUAGE_STANDARD = gnu11;
				GCC_NO_COMMON_BLOCKS = YES;
				GCC_WARN_64_TO_32_BIT_CONVERSION = YES;
				GCC_WARN_ABOUT_RETURN_TYPE = YES_ERROR;
				GCC_WARN_UNDECLARED_SELECTOR = YES;
				GCC_WARN_UNINITIALIZED_AUTOS = YES_AGGRESSIVE;
				GCC_WARN_UNUSED_FUNCTION = YES;
				GCC_WARN_UNUSED_VARIABLE = YES;
				IPHONEOS_DEPLOYMENT_TARGET = 16.2;
				MTL_ENABLE_DEBUG_INFO = NO;
				MTL_FAST_MATH = YES;
				SDKROOT = iphoneos;
				SWIFT_COMPILATION_MODE = wholemodule;
				SWIFT_OPTIMIZATION_LEVEL = "-O";
				VALIDATE_PRODUCT = YES;
			};
			name = Release;
		};
		1822614529DFC43C0058E1A9 /* Debug */ = {
			isa = XCBuildConfiguration;
			baseConfigurationReference = 36D8E20B769A2910EF75DEC6 /* Pods-Vid ID.debug.xcconfig */;
			buildSettings = {
				ASSETCATALOG_COMPILER_APPICON_NAME = AppIcon;
				ASSETCATALOG_COMPILER_GLOBAL_ACCENT_COLOR_NAME = AccentColor;
				CODE_SIGN_STYLE = Automatic;
				CURRENT_PROJECT_VERSION = 1;
				DEVELOPMENT_ASSET_PATHS = "\"Vid ID/Preview Content\"";
				DEVELOPMENT_TEAM = 7WZ464RT76;
				ENABLE_PREVIEWS = YES;
				GENERATE_INFOPLIST_FILE = YES;
				INFOPLIST_FILE = "Vid-ID-Info.plist";
				INFOPLIST_KEY_CFBundleDisplayName = "Vid ID";
				INFOPLIST_KEY_UIApplicationSceneManifest_Generation = YES;
				INFOPLIST_KEY_UIApplicationSupportsIndirectInputEvents = YES;
				INFOPLIST_KEY_UILaunchScreen_Generation = YES;
				INFOPLIST_KEY_UIStatusBarStyle = UIStatusBarStyleDarkContent;
				INFOPLIST_KEY_UISupportedInterfaceOrientations = UIInterfaceOrientationPortrait;
				INFOPLIST_KEY_UISupportedInterfaceOrientations_iPad = "UIInterfaceOrientationLandscapeLeft UIInterfaceOrientationLandscapeRight UIInterfaceOrientationPortrait UIInterfaceOrientationPortraitUpsideDown";
				LD_RUNPATH_SEARCH_PATHS = (
					"$(inherited)",
					"@executable_path/Frameworks",
				);
				MARKETING_VERSION = 1.0;
				PRODUCT_BUNDLE_IDENTIFIER = com.github.fajaragungpramana.vidid;
				PRODUCT_NAME = "$(TARGET_NAME)";
				SUPPORTED_PLATFORMS = "iphoneos iphonesimulator";
				SUPPORTS_MACCATALYST = NO;
				SUPPORTS_MAC_DESIGNED_FOR_IPHONE_IPAD = NO;
				SWIFT_EMIT_LOC_STRINGS = YES;
				SWIFT_VERSION = 5.0;
				TARGETED_DEVICE_FAMILY = 1;
			};
			name = Debug;
		};
		1822614629DFC43C0058E1A9 /* Release */ = {
			isa = XCBuildConfiguration;
			baseConfigurationReference = 71C13921BBFA7678BC097BB2 /* Pods-Vid ID.release.xcconfig */;
			buildSettings = {
				ASSETCATALOG_COMPILER_APPICON_NAME = AppIcon;
				ASSETCATALOG_COMPILER_GLOBAL_ACCENT_COLOR_NAME = AccentColor;
				CODE_SIGN_STYLE = Automatic;
				CURRENT_PROJECT_VERSION = 1;
				DEVELOPMENT_ASSET_PATHS = "\"Vid ID/Preview Content\"";
				DEVELOPMENT_TEAM = 7WZ464RT76;
				ENABLE_PREVIEWS = YES;
				GENERATE_INFOPLIST_FILE = YES;
				INFOPLIST_FILE = "Vid-ID-Info.plist";
				INFOPLIST_KEY_CFBundleDisplayName = "Vid ID";
				INFOPLIST_KEY_UIApplicationSceneManifest_Generation = YES;
				INFOPLIST_KEY_UIApplicationSupportsIndirectInputEvents = YES;
				INFOPLIST_KEY_UILaunchScreen_Generation = YES;
				INFOPLIST_KEY_UIStatusBarStyle = UIStatusBarStyleDarkContent;
				INFOPLIST_KEY_UISupportedInterfaceOrientations = UIInterfaceOrientationPortrait;
				INFOPLIST_KEY_UISupportedInterfaceOrientations_iPad = "UIInterfaceOrientationLandscapeLeft UIInterfaceOrientationLandscapeRight UIInterfaceOrientationPortrait UIInterfaceOrientationPortraitUpsideDown";
				LD_RUNPATH_SEARCH_PATHS = (
					"$(inherited)",
					"@executable_path/Frameworks",
				);
				MARKETING_VERSION = 1.0;
				PRODUCT_BUNDLE_IDENTIFIER = com.github.fajaragungpramana.vidid;
				PRODUCT_NAME = "$(TARGET_NAME)";
				SUPPORTED_PLATFORMS = "iphoneos iphonesimulator";
				SUPPORTS_MACCATALYST = NO;
				SUPPORTS_MAC_DESIGNED_FOR_IPHONE_IPAD = NO;
				SWIFT_EMIT_LOC_STRINGS = YES;
				SWIFT_VERSION = 5.0;
				TARGETED_DEVICE_FAMILY = 1;
			};
			name = Release;
		};
/* End XCBuildConfiguration section */

/* Begin XCConfigurationList section */
		1822613129DFC43B0058E1A9 /* Build configuration list for PBXProject "Vid ID" */ = {
			isa = XCConfigurationList;
			buildConfigurations = (
				1822614229DFC43C0058E1A9 /* Debug */,
				1822614329DFC43C0058E1A9 /* Release */,
			);
			defaultConfigurationIsVisible = 0;
			defaultConfigurationName = Release;
		};
		1822614429DFC43C0058E1A9 /* Build configuration list for PBXNativeTarget "Vid ID" */ = {
			isa = XCConfigurationList;
			buildConfigurations = (
				1822614529DFC43C0058E1A9 /* Debug */,
				1822614629DFC43C0058E1A9 /* Release */,
			);
			defaultConfigurationIsVisible = 0;
			defaultConfigurationName = Release;
		};
/* End XCConfigurationList section */
	};
	rootObject = 1822612E29DFC43B0058E1A9 /* Project object */;
}
